// !$*UTF8*$!
{
	archiveVersion = 1;
	classes = {
	};
	objectVersion = 46;
	objects = {

/* Begin PBXBuildFile section */
		608E886ECE01DD2A432CE4A4 /* Pods_SMP_Says.framework in Frameworks */ = {isa = PBXBuildFile; fileRef = 8F599BBA40341FA06E3E1164 /* Pods_SMP_Says.framework */; };
		C74A85CA1C7FEDCB00B391A9 /* AddQuoteViewController.swift in Sources */ = {isa = PBXBuildFile; fileRef = C74A85C91C7FEDCB00B391A9 /* AddQuoteViewController.swift */; };
		C76EE1141CA8758900CAEB08 /* PostVoteData.xcdatamodeld in Sources */ = {isa = PBXBuildFile; fileRef = C76EE1121CA8758900CAEB08 /* PostVoteData.xcdatamodeld */; };
		C76EE1161CA8802700CAEB08 /* UserVotedPost.swift in Sources */ = {isa = PBXBuildFile; fileRef = C76EE1151CA8802700CAEB08 /* UserVotedPost.swift */; };
		C7AB3B9B1CA8FB6E007CF2B4 /* Subjects.txt in Resources */ = {isa = PBXBuildFile; fileRef = C7AB3B9A1CA8FB6E007CF2B4 /* Subjects.txt */; };
		C7AB3B9D1CA8FC08007CF2B4 /* UIPickerViewController.swift in Sources */ = {isa = PBXBuildFile; fileRef = C7AB3B9C1CA8FC08007CF2B4 /* UIPickerViewController.swift */; };
		C7F26DD61C77E31900523F95 /* SMPSLogo.png in Resources */ = {isa = PBXBuildFile; fileRef = C7F26DD51C77E31900523F95 /* SMPSLogo.png */; };
		FA54386C1C64CC77009D314A /* QuoteCell.swift in Sources */ = {isa = PBXBuildFile; fileRef = FA54386B1C64CC77009D314A /* QuoteCell.swift */; };
		FA54386E1C64CEDD009D314A /* Quote.swift in Sources */ = {isa = PBXBuildFile; fileRef = FA54386D1C64CEDD009D314A /* Quote.swift */; };
		FAFECD8C1C62B78A000D22E9 /* AppDelegate.swift in Sources */ = {isa = PBXBuildFile; fileRef = FAFECD8B1C62B78A000D22E9 /* AppDelegate.swift */; };
		FAFECD8E1C62B78A000D22E9 /* TableViewController.swift in Sources */ = {isa = PBXBuildFile; fileRef = FAFECD8D1C62B78A000D22E9 /* TableViewController.swift */; };
		FAFECD911C62B78A000D22E9 /* Main.storyboard in Resources */ = {isa = PBXBuildFile; fileRef = FAFECD8F1C62B78A000D22E9 /* Main.storyboard */; };
		FAFECD931C62B78A000D22E9 /* Assets.xcassets in Resources */ = {isa = PBXBuildFile; fileRef = FAFECD921C62B78A000D22E9 /* Assets.xcassets */; };
		FAFECD961C62B78A000D22E9 /* LaunchScreen.storyboard in Resources */ = {isa = PBXBuildFile; fileRef = FAFECD941C62B78A000D22E9 /* LaunchScreen.storyboard */; };
/* End PBXBuildFile section */

/* Begin PBXFileReference section */
		8F599BBA40341FA06E3E1164 /* Pods_SMP_Says.framework */ = {isa = PBXFileReference; explicitFileType = wrapper.framework; includeInIndex = 0; path = Pods_SMP_Says.framework; sourceTree = BUILT_PRODUCTS_DIR; };
		C74A85C91C7FEDCB00B391A9 /* AddQuoteViewController.swift */ = {isa = PBXFileReference; fileEncoding = 4; lastKnownFileType = sourcecode.swift; path = AddQuoteViewController.swift; sourceTree = "<group>"; };
		C76EE1131CA8758900CAEB08 /* postVoteData.xcdatamodel */ = {isa = PBXFileReference; lastKnownFileType = wrapper.xcdatamodel; path = postVoteData.xcdatamodel; sourceTree = "<group>"; };
		C76EE1151CA8802700CAEB08 /* UserVotedPost.swift */ = {isa = PBXFileReference; fileEncoding = 4; lastKnownFileType = sourcecode.swift; path = UserVotedPost.swift; sourceTree = "<group>"; };
		C7AB3B9A1CA8FB6E007CF2B4 /* Subjects.txt */ = {isa = PBXFileReference; fileEncoding = 4; lastKnownFileType = text; name = Subjects.txt; path = ../../../../Desktop/Subjects.txt; sourceTree = "<group>"; };
		C7AB3B9C1CA8FC08007CF2B4 /* UIPickerViewController.swift */ = {isa = PBXFileReference; fileEncoding = 4; lastKnownFileType = sourcecode.swift; path = UIPickerViewController.swift; sourceTree = "<group>"; };
		C7F26DD51C77E31900523F95 /* SMPSLogo.png */ = {isa = PBXFileReference; lastKnownFileType = image.png; name = SMPSLogo.png; path = ../../../../Downloads/SMPSLogo.png; sourceTree = "<group>"; };
		EBB9F96377E367F3251F59C1 /* Pods-SMP_Says.release.xcconfig */ = {isa = PBXFileReference; includeInIndex = 1; lastKnownFileType = text.xcconfig; name = "Pods-SMP_Says.release.xcconfig"; path = "Pods/Target Support Files/Pods-SMP_Says/Pods-SMP_Says.release.xcconfig"; sourceTree = "<group>"; };
		EF739C0A860BA8179086D4C6 /* Pods-SMP_Says.debug.xcconfig */ = {isa = PBXFileReference; includeInIndex = 1; lastKnownFileType = text.xcconfig; name = "Pods-SMP_Says.debug.xcconfig"; path = "Pods/Target Support Files/Pods-SMP_Says/Pods-SMP_Says.debug.xcconfig"; sourceTree = "<group>"; };
		FA54386B1C64CC77009D314A /* QuoteCell.swift */ = {isa = PBXFileReference; fileEncoding = 4; lastKnownFileType = sourcecode.swift; path = QuoteCell.swift; sourceTree = "<group>"; };
		FA54386D1C64CEDD009D314A /* Quote.swift */ = {isa = PBXFileReference; fileEncoding = 4; lastKnownFileType = sourcecode.swift; path = Quote.swift; sourceTree = "<group>"; };
		FAFECD881C62B78A000D22E9 /* SMP_Says.app */ = {isa = PBXFileReference; explicitFileType = wrapper.application; includeInIndex = 0; path = SMP_Says.app; sourceTree = BUILT_PRODUCTS_DIR; };
		FAFECD8B1C62B78A000D22E9 /* AppDelegate.swift */ = {isa = PBXFileReference; lastKnownFileType = sourcecode.swift; path = AppDelegate.swift; sourceTree = "<group>"; };
		FAFECD8D1C62B78A000D22E9 /* TableViewController.swift */ = {isa = PBXFileReference; lastKnownFileType = sourcecode.swift; path = TableViewController.swift; sourceTree = "<group>"; };
		FAFECD901C62B78A000D22E9 /* Base */ = {isa = PBXFileReference; lastKnownFileType = file.storyboard; name = Base; path = Base.lproj/Main.storyboard; sourceTree = "<group>"; };
		FAFECD921C62B78A000D22E9 /* Assets.xcassets */ = {isa = PBXFileReference; lastKnownFileType = folder.assetcatalog; path = Assets.xcassets; sourceTree = "<group>"; };
		FAFECD951C62B78A000D22E9 /* Base */ = {isa = PBXFileReference; lastKnownFileType = file.storyboard; name = Base; path = Base.lproj/LaunchScreen.storyboard; sourceTree = "<group>"; };
		FAFECD971C62B78A000D22E9 /* Info.plist */ = {isa = PBXFileReference; lastKnownFileType = text.plist.xml; path = Info.plist; sourceTree = "<group>"; };
/* End PBXFileReference section */

/* Begin PBXFrameworksBuildPhase section */
		FAFECD851C62B78A000D22E9 /* Frameworks */ = {
			isa = PBXFrameworksBuildPhase;
			buildActionMask = 2147483647;
			files = (
				608E886ECE01DD2A432CE4A4 /* Pods_SMP_Says.framework in Frameworks */,
			);
			runOnlyForDeploymentPostprocessing = 0;
		};
/* End PBXFrameworksBuildPhase section */

/* Begin PBXGroup section */
		098A77384FACF76E1A1E986C /* Frameworks */ = {
			isa = PBXGroup;
			children = (
				8F599BBA40341FA06E3E1164 /* Pods_SMP_Says.framework */,
			);
			name = Frameworks;
			sourceTree = "<group>";
		};
		13E1FE9DE86A55C81DB686A1 /* Pods */ = {
			isa = PBXGroup;
			children = (
				EF739C0A860BA8179086D4C6 /* Pods-SMP_Says.debug.xcconfig */,
				EBB9F96377E367F3251F59C1 /* Pods-SMP_Says.release.xcconfig */,
			);
			name = Pods;
			sourceTree = "<group>";
		};
		FA5438681C64CBFD009D314A /* Models */ = {
			isa = PBXGroup;
			children = (
				FA54386D1C64CEDD009D314A /* Quote.swift */,
				C76EE1151CA8802700CAEB08 /* UserVotedPost.swift */,
			);
			name = Models;
			sourceTree = "<group>";
		};
		FA5438691C64CC04009D314A /* Views */ = {
			isa = PBXGroup;
			children = (
				FA54386B1C64CC77009D314A /* QuoteCell.swift */,
			);
			name = Views;
			sourceTree = "<group>";
		};
		FA54386A1C64CC11009D314A /* Controllers */ = {
			isa = PBXGroup;
			children = (
				FAFECD8D1C62B78A000D22E9 /* TableViewController.swift */,
				C74A85C91C7FEDCB00B391A9 /* AddQuoteViewController.swift */,
				C7AB3B9C1CA8FC08007CF2B4 /* UIPickerViewController.swift */,
			);
			name = Controllers;
			sourceTree = "<group>";
		};
		FAFECD7F1C62B78A000D22E9 = {
			isa = PBXGroup;
			children = (
				FAFECD8A1C62B78A000D22E9 /* SMP_Says */,
				FAFECD891C62B78A000D22E9 /* Products */,
				13E1FE9DE86A55C81DB686A1 /* Pods */,
				098A77384FACF76E1A1E986C /* Frameworks */,
			);
			sourceTree = "<group>";
		};
		FAFECD891C62B78A000D22E9 /* Products */ = {
			isa = PBXGroup;
			children = (
				FAFECD881C62B78A000D22E9 /* SMP_Says.app */,
			);
			name = Products;
			sourceTree = "<group>";
		};
		FAFECD8A1C62B78A000D22E9 /* SMP_Says */ = {
			isa = PBXGroup;
			children = (
				C7F26DD51C77E31900523F95 /* SMPSLogo.png */,
				FAFECD8B1C62B78A000D22E9 /* AppDelegate.swift */,
				FA5438691C64CC04009D314A /* Views */,
				FA5438681C64CBFD009D314A /* Models */,
				FA54386A1C64CC11009D314A /* Controllers */,
				FAFECD8F1C62B78A000D22E9 /* Main.storyboard */,
				FAFECD921C62B78A000D22E9 /* Assets.xcassets */,
				FAFECD941C62B78A000D22E9 /* LaunchScreen.storyboard */,
				FAFECD971C62B78A000D22E9 /* Info.plist */,
				C76EE1121CA8758900CAEB08 /* PostVoteData.xcdatamodeld */,
				C7AB3B9A1CA8FB6E007CF2B4 /* Subjects.txt */,
			);
			path = SMP_Says;
			sourceTree = "<group>";
		};
/* End PBXGroup section */

/* Begin PBXNativeTarget section */
		FAFECD871C62B78A000D22E9 /* SMP_Says */ = {
			isa = PBXNativeTarget;
			buildConfigurationList = FAFECD9A1C62B78A000D22E9 /* Build configuration list for PBXNativeTarget "SMP_Says" */;
			buildPhases = (
				D83FBADD5380C7BE2936731B /* Check Pods Manifest.lock */,
				FAFECD841C62B78A000D22E9 /* Sources */,
				FAFECD851C62B78A000D22E9 /* Frameworks */,
				FAFECD861C62B78A000D22E9 /* Resources */,
				03798B0BE97FABDE344663CB /* Embed Pods Frameworks */,
				85BB68E63B24D42762D14D4F /* Copy Pods Resources */,
			);
			buildRules = (
			);
			dependencies = (
			);
			name = SMP_Says;
			productName = SMP_Says;
			productReference = FAFECD881C62B78A000D22E9 /* SMP_Says.app */;
			productType = "com.apple.product-type.application";
		};
/* End PBXNativeTarget section */

/* Begin PBXProject section */
		FAFECD801C62B78A000D22E9 /* Project object */ = {
			isa = PBXProject;
			attributes = {
				LastSwiftUpdateCheck = 0720;
				LastUpgradeCheck = 0720;
				ORGANIZATIONNAME = "Stuff My Professor Says";
				TargetAttributes = {
					FAFECD871C62B78A000D22E9 = {
						CreatedOnToolsVersion = 7.2;
						DevelopmentTeam = 6M665SHXJ7;
					};
				};
			};
			buildConfigurationList = FAFECD831C62B78A000D22E9 /* Build configuration list for PBXProject "SMP_Says" */;
			compatibilityVersion = "Xcode 3.2";
			developmentRegion = English;
			hasScannedForEncodings = 0;
			knownRegions = (
				en,
				Base,
			);
			mainGroup = FAFECD7F1C62B78A000D22E9;
			productRefGroup = FAFECD891C62B78A000D22E9 /* Products */;
			projectDirPath = "";
			projectRoot = "";
			targets = (
				FAFECD871C62B78A000D22E9 /* SMP_Says */,
			);
		};
/* End PBXProject section */

/* Begin PBXResourcesBuildPhase section */
		FAFECD861C62B78A000D22E9 /* Resources */ = {
			isa = PBXResourcesBuildPhase;
			buildActionMask = 2147483647;
			files = (
				FAFECD961C62B78A000D22E9 /* LaunchScreen.storyboard in Resources */,
				FAFECD931C62B78A000D22E9 /* Assets.xcassets in Resources */,
				FAFECD911C62B78A000D22E9 /* Main.storyboard in Resources */,
				C7AB3B9B1CA8FB6E007CF2B4 /* Subjects.txt in Resources */,
				C7F26DD61C77E31900523F95 /* SMPSLogo.png in Resources */,
			);
			runOnlyForDeploymentPostprocessing = 0;
		};
/* End PBXResourcesBuildPhase section */

/* Begin PBXShellScriptBuildPhase section */
		03798B0BE97FABDE344663CB /* Embed Pods Frameworks */ = {
			isa = PBXShellScriptBuildPhase;
			buildActionMask = 2147483647;
			files = (
			);
			inputPaths = (
			);
			name = "Embed Pods Frameworks";
			outputPaths = (
			);
			runOnlyForDeploymentPostprocessing = 0;
			shellPath = /bin/sh;
			shellScript = "\"${SRCROOT}/Pods/Target Support Files/Pods-SMP_Says/Pods-SMP_Says-frameworks.sh\"\n";
			showEnvVarsInLog = 0;
		};
		85BB68E63B24D42762D14D4F /* Copy Pods Resources */ = {
			isa = PBXShellScriptBuildPhase;
			buildActionMask = 2147483647;
			files = (
			);
			inputPaths = (
			);
			name = "Copy Pods Resources";
			outputPaths = (
			);
			runOnlyForDeploymentPostprocessing = 0;
			shellPath = /bin/sh;
			shellScript = "\"${SRCROOT}/Pods/Target Support Files/Pods-SMP_Says/Pods-SMP_Says-resources.sh\"\n";
			showEnvVarsInLog = 0;
		};
		D83FBADD5380C7BE2936731B /* Check Pods Manifest.lock */ = {
			isa = PBXShellScriptBuildPhase;
			buildActionMask = 2147483647;
			files = (
			);
			inputPaths = (
			);
			name = "Check Pods Manifest.lock";
			outputPaths = (
			);
			runOnlyForDeploymentPostprocessing = 0;
			shellPath = /bin/sh;
			shellScript = "diff \"${PODS_ROOT}/../Podfile.lock\" \"${PODS_ROOT}/Manifest.lock\" > /dev/null\nif [[ $? != 0 ]] ; then\n    cat << EOM\nerror: The sandbox is not in sync with the Podfile.lock. Run 'pod install' or update your CocoaPods installation.\nEOM\n    exit 1\nfi\n";
			showEnvVarsInLog = 0;
		};
/* End PBXShellScriptBuildPhase section */

/* Begin PBXSourcesBuildPhase section */
		FAFECD841C62B78A000D22E9 /* Sources */ = {
			isa = PBXSourcesBuildPhase;
			buildActionMask = 2147483647;
			files = (
				FA54386E1C64CEDD009D314A /* Quote.swift in Sources */,
				FA54386C1C64CC77009D314A /* QuoteCell.swift in Sources */,
				C7AB3B9D1CA8FC08007CF2B4 /* UIPickerViewController.swift in Sources */,
				FAFECD8E1C62B78A000D22E9 /* TableViewController.swift in Sources */,
				FAFECD8C1C62B78A000D22E9 /* AppDelegate.swift in Sources */,
				C76EE1161CA8802700CAEB08 /* UserVotedPost.swift in Sources */,
				C74A85CA1C7FEDCB00B391A9 /* AddQuoteViewController.swift in Sources */,
				C76EE1141CA8758900CAEB08 /* PostVoteData.xcdatamodeld in Sources */,
			);
			runOnlyForDeploymentPostprocessing = 0;
		};
/* End PBXSourcesBuildPhase section */

/* Begin PBXVariantGroup section */
		FAFECD8F1C62B78A000D22E9 /* Main.storyboard */ = {
			isa = PBXVariantGroup;
			children = (
				FAFECD901C62B78A000D22E9 /* Base */,
			);
			name = Main.storyboard;
			sourceTree = "<group>";
		};
		FAFECD941C62B78A000D22E9 /* LaunchScreen.storyboard */ = {
			isa = PBXVariantGroup;
			children = (
				FAFECD951C62B78A000D22E9 /* Base */,
			);
			name = LaunchScreen.storyboard;
			sourceTree = "<group>";
		};
/* End PBXVariantGroup section */

/* Begin XCBuildConfiguration section */
		FAFECD981C62B78A000D22E9 /* Debug */ = {
			isa = XCBuildConfiguration;
			buildSettings = {
				ALWAYS_SEARCH_USER_PATHS = NO;
				CLANG_CXX_LANGUAGE_STANDARD = "gnu++0x";
				CLANG_CXX_LIBRARY = "libc++";
				CLANG_ENABLE_MODULES = YES;
				CLANG_ENABLE_OBJC_ARC = YES;
				CLANG_WARN_BOOL_CONVERSION = YES;
				CLANG_WARN_CONSTANT_CONVERSION = YES;
				CLANG_WARN_DIRECT_OBJC_ISA_USAGE = YES_ERROR;
				CLANG_WARN_EMPTY_BODY = YES;
				CLANG_WARN_ENUM_CONVERSION = YES;
				CLANG_WARN_INT_CONVERSION = YES;
				CLANG_WARN_OBJC_ROOT_CLASS = YES_ERROR;
				CLANG_WARN_UNREACHABLE_CODE = YES;
				CLANG_WARN__DUPLICATE_METHOD_MATCH = YES;
				"CODE_SIGN_IDENTITY[sdk=iphoneos*]" = "iPhone Developer";
				COPY_PHASE_STRIP = NO;
				DEBUG_INFORMATION_FORMAT = dwarf;
				ENABLE_STRICT_OBJC_MSGSEND = YES;
				ENABLE_TESTABILITY = YES;
				GCC_C_LANGUAGE_STANDARD = gnu99;
				GCC_DYNAMIC_NO_PIC = NO;
				GCC_NO_COMMON_BLOCKS = YES;
				GCC_OPTIMIZATION_LEVEL = 0;
				GCC_PREPROCESSOR_DEFINITIONS = (
					"DEBUG=1",
					"$(inherited)",
				);
				GCC_WARN_64_TO_32_BIT_CONVERSION = YES;
				GCC_WARN_ABOUT_RETURN_TYPE = YES_ERROR;
				GCC_WARN_UNDECLARED_SELECTOR = YES;
				GCC_WARN_UNINITIALIZED_AUTOS = YES_AGGRESSIVE;
				GCC_WARN_UNUSED_FUNCTION = YES;
				GCC_WARN_UNUSED_VARIABLE = YES;
				IPHONEOS_DEPLOYMENT_TARGET = 9.2;
				MTL_ENABLE_DEBUG_INFO = YES;
				ONLY_ACTIVE_ARCH = YES;
				SDKROOT = iphoneos;
				SWIFT_OPTIMIZATION_LEVEL = "-Onone";
			};
			name = Debug;
		};
		FAFECD991C62B78A000D22E9 /* Release */ = {
			isa = XCBuildConfiguration;
			buildSettings = {
				ALWAYS_SEARCH_USER_PATHS = NO;
				CLANG_CXX_LANGUAGE_STANDARD = "gnu++0x";
				CLANG_CXX_LIBRARY = "libc++";
				CLANG_ENABLE_MODULES = YES;
				CLANG_ENABLE_OBJC_ARC = YES;
				CLANG_WARN_BOOL_CONVERSION = YES;
				CLANG_WARN_CONSTANT_CONVERSION = YES;
				CLANG_WARN_DIRECT_OBJC_ISA_USAGE = YES_ERROR;
				CLANG_WARN_EMPTY_BODY = YES;
				CLANG_WARN_ENUM_CONVERSION = YES;
				CLANG_WARN_INT_CONVERSION = YES;
				CLANG_WARN_OBJC_ROOT_CLASS = YES_ERROR;
				CLANG_WARN_UNREACHABLE_CODE = YES;
				CLANG_WARN__DUPLICATE_METHOD_MATCH = YES;
				"CODE_SIGN_IDENTITY[sdk=iphoneos*]" = "iPhone Developer";
				COPY_PHASE_STRIP = NO;
				DEBUG_INFORMATION_FORMAT = "dwarf-with-dsym";
				ENABLE_NS_ASSERTIONS = NO;
				ENABLE_STRICT_OBJC_MSGSEND = YES;
				GCC_C_LANGUAGE_STANDARD = gnu99;
				GCC_NO_COMMON_BLOCKS = YES;
				GCC_WARN_64_TO_32_BIT_CONVERSION = YES;
				GCC_WARN_ABOUT_RETURN_TYPE = YES_ERROR;
				GCC_WARN_UNDECLARED_SELECTOR = YES;
				GCC_WARN_UNINITIALIZED_AUTOS = YES_AGGRESSIVE;
				GCC_WARN_UNUSED_FUNCTION = YES;
				GCC_WARN_UNUSED_VARIABLE = YES;
				IPHONEOS_DEPLOYMENT_TARGET = 9.2;
				MTL_ENABLE_DEBUG_INFO = NO;
				SDKROOT = iphoneos;
				VALIDATE_PRODUCT = YES;
			};
			name = Release;
		};
		FAFECD9B1C62B78A000D22E9 /* Debug */ = {
			isa = XCBuildConfiguration;
			baseConfigurationReference = EF739C0A860BA8179086D4C6 /* Pods-SMP_Says.debug.xcconfig */;
			buildSettings = {
				ASSETCATALOG_COMPILER_APPICON_NAME = AppIcon;
				CODE_SIGN_IDENTITY = "iPhone Developer";
				"CODE_SIGN_IDENTITY[sdk=iphoneos*]" = "iPhone Developer";
				INFOPLIST_FILE = SMP_Says/Info.plist;
				LD_RUNPATH_SEARCH_PATHS = "$(inherited) @executable_path/Frameworks";
				PRODUCT_BUNDLE_IDENTIFIER = "com.monteThakkar.SMP-Says";
				PRODUCT_NAME = "$(TARGET_NAME)";
				PROVISIONING_PROFILE = "";
			};
			name = Debug;
		};
		FAFECD9C1C62B78A000D22E9 /* Release */ = {
			isa = XCBuildConfiguration;
			baseConfigurationReference = EBB9F96377E367F3251F59C1 /* Pods-SMP_Says.release.xcconfig */;
			buildSettings = {
				ASSETCATALOG_COMPILER_APPICON_NAME = AppIcon;
				CODE_SIGN_IDENTITY = "iPhone Developer";
				"CODE_SIGN_IDENTITY[sdk=iphoneos*]" = "iPhone Developer";
				INFOPLIST_FILE = SMP_Says/Info.plist;
				LD_RUNPATH_SEARCH_PATHS = "$(inherited) @executable_path/Frameworks";
				PRODUCT_BUNDLE_IDENTIFIER = "com.monteThakkar.SMP-Says";
				PRODUCT_NAME = "$(TARGET_NAME)";
				PROVISIONING_PROFILE = "";
			};
			name = Release;
		};
/* End XCBuildConfiguration section */

/* Begin XCConfigurationList section */
		FAFECD831C62B78A000D22E9 /* Build configuration list for PBXProject "SMP_Says" */ = {
			isa = XCConfigurationList;
			buildConfigurations = (
				FAFECD981C62B78A000D22E9 /* Debug */,
				FAFECD991C62B78A000D22E9 /* Release */,
			);
			defaultConfigurationIsVisible = 0;
			defaultConfigurationName = Release;
		};
		FAFECD9A1C62B78A000D22E9 /* Build configuration list for PBXNativeTarget "SMP_Says" */ = {
			isa = XCConfigurationList;
			buildConfigurations = (
				FAFECD9B1C62B78A000D22E9 /* Debug */,
				FAFECD9C1C62B78A000D22E9 /* Release */,
			);
			defaultConfigurationIsVisible = 0;
			defaultConfigurationName = Release;
		};
/* End XCConfigurationList section */

/* Begin XCVersionGroup section */
		C76EE1121CA8758900CAEB08 /* PostVoteData.xcdatamodeld */ = {
			isa = XCVersionGroup;
			children = (
				C76EE1131CA8758900CAEB08 /* postVoteData.xcdatamodel */,
			);
			currentVersion = C76EE1131CA8758900CAEB08 /* postVoteData.xcdatamodel */;
			path = PostVoteData.xcdatamodeld;
			sourceTree = "<group>";
			versionGroupType = wrapper.xcdatamodel;
		};
/* End XCVersionGroup section */
	};
	rootObject = FAFECD801C62B78A000D22E9 /* Project object */;
}
